
Microsoft Visual Studio Solution File, Format Version 12.00
# Visual Studio Version 17
VisualStudioVersion = 17.7.34018.315
MinimumVisualStudioVersion = 10.0.40219.1
Project("{FAE04EC0-301F-11D3-BF4B-00C04F79EFBC}") = "Project01_MVCQuestionBank", "Project01_MVCQuestionBank.csproj", "{7DF75BE6-B60F-4091-A32B-5FE7DD2C6DAB}"
EndProject
Global
	GlobalSection(SolutionConfigurationPlatforms) = preSolution
		Debug|Any CPU = Debug|Any CPU
		Release|Any CPU = Release|Any CPU
	EndGlobalSection
	GlobalSection(ProjectConfigurationPlatforms) = postSolution
		{7DF75BE6-B60F-4091-A32B-5FE7DD2C6DAB}.Debug|Any CPU.ActiveCfg = Debug|Any CPU
		{7DF75BE6-B60F-4091-A32B-5FE7DD2C6DAB}.Debug|Any CPU.Build.0 = Debug|Any CPU
		{7DF75BE6-B60F-4091-A32B-5FE7DD2C6DAB}.Release|Any CPU.ActiveCfg = Release|Any CPU
		{7DF75BE6-B60F-4091-A32B-5FE7DD2C6DAB}.Release|Any CPU.Build.0 = Release|Any CPU
	EndGlobalSection
	GlobalSection(SolutionProperties) = preSolution
		HideSolutionNode = FALSE
	EndGlobalSection
	GlobalSection(ExtensibilityGlobals) = postSolution
		SolutionGuid = {EBF9730C-C882-47D5-870A-181E3F591A25}
	EndGlobalSection
EndGlobal
